{
  "name": "@kingstea/dolorem-facilis-laudantium",
  "version": "1.0.0",
  "lockfileVersion": 3,
  "requires": true,
  "packages": {
    "": {
      "name": "@kingstea/dolorem-facilis-laudantium",
      "version": "1.0.0",
      "license": "MIT",
      "dependencies": {
        "@kingstea/studious-guacamole": "^1.0.0"
      }
    },
    "node_modules/@kingstea/studious-guacamole": {
      "version": "1.0.0",
      "resolved": "https://registry.npmjs.org/@kingstea/studious-guacamole/-/studious-guacamole-1.0.0.tgz",
      "integrity": "sha512-3CWhosYL9klJAtqSe5SkbMdX9AovUGZdGJzCIGtL+H6KWJzjxJ4OSz+AFkDPAc4QgYPpkGHcsO9amKmnTu9HHA=="
    }
  }
}
